
Microsoft Visual Studio Solution File, Format Version 12.00
# Visual Studio Version 17
VisualStudioVersion = 17.0.31903.59
MinimumVisualStudioVersion = 10.0.40219.1
Project("{2150E333-8FDC-42A3-9474-1A3956D46DE8}") = "src", "src", "{827E0CD3-B72D-47B6-A68D-7590B98EB39B}"
EndProject
Project("{2150E333-8FDC-42A3-9474-1A3956D46DE8}") = "Server", "Server", "{E6B48023-E680-40DA-9E17-319585C26937}"
EndProject
Project("{FAE04EC0-301F-11D3-BF4B-00C04F79EFBC}") = "AtmMonitor.Api", "src\Server\AtmMonitor.Api\AtmMonitor.Api.csproj", "{A7FBE1C7-012A-4533-B7B2-9649C9C7F4D8}"
EndProject
Project("{FAE04EC0-301F-11D3-BF4B-00C04F79EFBC}") = "AtmMonitor.Domain", "src\Server\AtmMonitor.Domain\AtmMonitor.Domain.csproj", "{2991258E-6FDC-4194-A39D-6A2432EA19F6}"
EndProject
Project("{FAE04EC0-301F-11D3-BF4B-00C04F79EFBC}") = "AtmMonitor.Infrastructure", "src\Server\AtmMonitor.Infrastructure\AtmMonitor.Infrastructure.csproj", "{841D4CBF-7F63-4680-83FB-DEE75C238585}"
EndProject
Project("{2150E333-8FDC-42A3-9474-1A3956D46DE8}") = "Shared", "Shared", "{C8E42992-5E42-0C2B-DBFE-AA848D06431C}"
EndProject
Project("{FAE04EC0-301F-11D3-BF4B-00C04F79EFBC}") = "AtmMonitor.Contracts", "src\Shared\AtmMonitor.Contracts\AtmMonitor.Contracts.csproj", "{B3549D34-FA6C-496E-83D0-AA88010F3815}"
EndProject
Project("{2150E333-8FDC-42A3-9474-1A3956D46DE8}") = "Agent", "Agent", "{096B6098-F141-7114-B090-72D1899D8853}"
EndProject
Project("{FAE04EC0-301F-11D3-BF4B-00C04F79EFBC}") = "AtmMonitor.Agent", "src\Agent\AtmMonitor.Agent\AtmMonitor.Agent.csproj", "{D1E3FFCF-0A32-4F20-ADD4-0D3C88163EC3}"
EndProject
Project("{2150E333-8FDC-42A3-9474-1A3956D46DE8}") = "tests", "tests", "{0AB3BF05-4346-4AA6-1389-037BE0695223}"
EndProject
Project("{FAE04EC0-301F-11D3-BF4B-00C04F79EFBC}") = "AtmMonitor.Server.Tests", "tests\AtmMonitor.Server.Tests\AtmMonitor.Server.Tests.csproj", "{CDA404D1-8A58-4B52-A497-B8443E522CBB}"
EndProject
Project("{FAE04EC0-301F-11D3-BF4B-00C04F79EFBC}") = "AtmMonitor.Agent.Tests", "tests\AtmMonitor.Agent.Tests\AtmMonitor.Agent.Tests.csproj", "{4ABED053-8031-4D28-B3D1-3561AB8D86AE}"
EndProject
Global
	GlobalSection(SolutionConfigurationPlatforms) = preSolution
		Debug|Any CPU = Debug|Any CPU
		Debug|x64 = Debug|x64
		Debug|x86 = Debug|x86
		Release|Any CPU = Release|Any CPU
		Release|x64 = Release|x64
		Release|x86 = Release|x86
	EndGlobalSection
	GlobalSection(ProjectConfigurationPlatforms) = postSolution
		{A7FBE1C7-012A-4533-B7B2-9649C9C7F4D8}.Debug|Any CPU.ActiveCfg = Debug|Any CPU
		{A7FBE1C7-012A-4533-B7B2-9649C9C7F4D8}.Debug|Any CPU.Build.0 = Debug|Any CPU
		{A7FBE1C7-012A-4533-B7B2-9649C9C7F4D8}.Debug|x64.ActiveCfg = Debug|Any CPU
		{A7FBE1C7-012A-4533-B7B2-9649C9C7F4D8}.Debug|x64.Build.0 = Debug|Any CPU
		{A7FBE1C7-012A-4533-B7B2-9649C9C7F4D8}.Debug|x86.ActiveCfg = Debug|Any CPU
		{A7FBE1C7-012A-4533-B7B2-9649C9C7F4D8}.Debug|x86.Build.0 = Debug|Any CPU
		{A7FBE1C7-012A-4533-B7B2-9649C9C7F4D8}.Release|Any CPU.ActiveCfg = Release|Any CPU
		{A7FBE1C7-012A-4533-B7B2-9649C9C7F4D8}.Release|Any CPU.Build.0 = Release|Any CPU
		{A7FBE1C7-012A-4533-B7B2-9649C9C7F4D8}.Release|x64.ActiveCfg = Release|Any CPU
		{A7FBE1C7-012A-4533-B7B2-9649C9C7F4D8}.Release|x64.Build.0 = Release|Any CPU
		{A7FBE1C7-012A-4533-B7B2-9649C9C7F4D8}.Release|x86.ActiveCfg = Release|Any CPU
		{A7FBE1C7-012A-4533-B7B2-9649C9C7F4D8}.Release|x86.Build.0 = Release|Any CPU
		{2991258E-6FDC-4194-A39D-6A2432EA19F6}.Debug|Any CPU.ActiveCfg = Debug|Any CPU
		{2991258E-6FDC-4194-A39D-6A2432EA19F6}.Debug|Any CPU.Build.0 = Debug|Any CPU
		{2991258E-6FDC-4194-A39D-6A2432EA19F6}.Debug|x64.ActiveCfg = Debug|Any CPU
		{2991258E-6FDC-4194-A39D-6A2432EA19F6}.Debug|x64.Build.0 = Debug|Any CPU
		{2991258E-6FDC-4194-A39D-6A2432EA19F6}.Debug|x86.ActiveCfg = Debug|Any CPU
		{2991258E-6FDC-4194-A39D-6A2432EA19F6}.Debug|x86.Build.0 = Debug|Any CPU
		{2991258E-6FDC-4194-A39D-6A2432EA19F6}.Release|Any CPU.ActiveCfg = Release|Any CPU
		{2991258E-6FDC-4194-A39D-6A2432EA19F6}.Release|Any CPU.Build.0 = Release|Any CPU
		{2991258E-6FDC-4194-A39D-6A2432EA19F6}.Release|x64.ActiveCfg = Release|Any CPU
		{2991258E-6FDC-4194-A39D-6A2432EA19F6}.Release|x64.Build.0 = Release|Any CPU
		{2991258E-6FDC-4194-A39D-6A2432EA19F6}.Release|x86.ActiveCfg = Release|Any CPU
		{2991258E-6FDC-4194-A39D-6A2432EA19F6}.Release|x86.Build.0 = Release|Any CPU
		{841D4CBF-7F63-4680-83FB-DEE75C238585}.Debug|Any CPU.ActiveCfg = Debug|Any CPU
		{841D4CBF-7F63-4680-83FB-DEE75C238585}.Debug|Any CPU.Build.0 = Debug|Any CPU
		{841D4CBF-7F63-4680-83FB-DEE75C238585}.Debug|x64.ActiveCfg = Debug|Any CPU
		{841D4CBF-7F63-4680-83FB-DEE75C238585}.Debug|x64.Build.0 = Debug|Any CPU
		{841D4CBF-7F63-4680-83FB-DEE75C238585}.Debug|x86.ActiveCfg = Debug|Any CPU
		{841D4CBF-7F63-4680-83FB-DEE75C238585}.Debug|x86.Build.0 = Debug|Any CPU
		{841D4CBF-7F63-4680-83FB-DEE75C238585}.Release|Any CPU.ActiveCfg = Release|Any CPU
		{841D4CBF-7F63-4680-83FB-DEE75C238585}.Release|Any CPU.Build.0 = Release|Any CPU
		{841D4CBF-7F63-4680-83FB-DEE75C238585}.Release|x64.ActiveCfg = Release|Any CPU
		{841D4CBF-7F63-4680-83FB-DEE75C238585}.Release|x64.Build.0 = Release|Any CPU
		{841D4CBF-7F63-4680-83FB-DEE75C238585}.Release|x86.ActiveCfg = Release|Any CPU
		{841D4CBF-7F63-4680-83FB-DEE75C238585}.Release|x86.Build.0 = Release|Any CPU
		{B3549D34-FA6C-496E-83D0-AA88010F3815}.Debug|Any CPU.ActiveCfg = Debug|Any CPU
		{B3549D34-FA6C-496E-83D0-AA88010F3815}.Debug|Any CPU.Build.0 = Debug|Any CPU
		{B3549D34-FA6C-496E-83D0-AA88010F3815}.Debug|x64.ActiveCfg = Debug|Any CPU
		{B3549D34-FA6C-496E-83D0-AA88010F3815}.Debug|x64.Build.0 = Debug|Any CPU
		{B3549D34-FA6C-496E-83D0-AA88010F3815}.Debug|x86.ActiveCfg = Debug|Any CPU
		{B3549D34-FA6C-496E-83D0-AA88010F3815}.Debug|x86.Build.0 = Debug|Any CPU
		{B3549D34-FA6C-496E-83D0-AA88010F3815}.Release|Any CPU.ActiveCfg = Release|Any CPU
		{B3549D34-FA6C-496E-83D0-AA88010F3815}.Release|Any CPU.Build.0 = Release|Any CPU
		{B3549D34-FA6C-496E-83D0-AA88010F3815}.Release|x64.ActiveCfg = Release|Any CPU
		{B3549D34-FA6C-496E-83D0-AA88010F3815}.Release|x64.Build.0 = Release|Any CPU
		{B3549D34-FA6C-496E-83D0-AA88010F3815}.Release|x86.ActiveCfg = Release|Any CPU
		{B3549D34-FA6C-496E-83D0-AA88010F3815}.Release|x86.Build.0 = Release|Any CPU
		{D1E3FFCF-0A32-4F20-ADD4-0D3C88163EC3}.Debug|Any CPU.ActiveCfg = Debug|Any CPU
		{D1E3FFCF-0A32-4F20-ADD4-0D3C88163EC3}.Debug|Any CPU.Build.0 = Debug|Any CPU
		{D1E3FFCF-0A32-4F20-ADD4-0D3C88163EC3}.Debug|x64.ActiveCfg = Debug|Any CPU
		{D1E3FFCF-0A32-4F20-ADD4-0D3C88163EC3}.Debug|x64.Build.0 = Debug|Any CPU
		{D1E3FFCF-0A32-4F20-ADD4-0D3C88163EC3}.Debug|x86.ActiveCfg = Debug|Any CPU
		{D1E3FFCF-0A32-4F20-ADD4-0D3C88163EC3}.Debug|x86.Build.0 = Debug|Any CPU
		{D1E3FFCF-0A32-4F20-ADD4-0D3C88163EC3}.Release|Any CPU.ActiveCfg = Release|Any CPU
		{D1E3FFCF-0A32-4F20-ADD4-0D3C88163EC3}.Release|Any CPU.Build.0 = Release|Any CPU
		{D1E3FFCF-0A32-4F20-ADD4-0D3C88163EC3}.Release|x64.ActiveCfg = Release|Any CPU
		{D1E3FFCF-0A32-4F20-ADD4-0D3C88163EC3}.Release|x64.Build.0 = Release|Any CPU
		{D1E3FFCF-0A32-4F20-ADD4-0D3C88163EC3}.Release|x86.ActiveCfg = Release|Any CPU
		{D1E3FFCF-0A32-4F20-ADD4-0D3C88163EC3}.Release|x86.Build.0 = Release|Any CPU
		{CDA404D1-8A58-4B52-A497-B8443E522CBB}.Debug|Any CPU.ActiveCfg = Debug|Any CPU
		{CDA404D1-8A58-4B52-A497-B8443E522CBB}.Debug|Any CPU.Build.0 = Debug|Any CPU
		{CDA404D1-8A58-4B52-A497-B8443E522CBB}.Debug|x64.ActiveCfg = Debug|Any CPU
		{CDA404D1-8A58-4B52-A497-B8443E522CBB}.Debug|x64.Build.0 = Debug|Any CPU
		{CDA404D1-8A58-4B52-A497-B8443E522CBB}.Debug|x86.ActiveCfg = Debug|Any CPU
		{CDA404D1-8A58-4B52-A497-B8443E522CBB}.Debug|x86.Build.0 = Debug|Any CPU
		{CDA404D1-8A58-4B52-A497-B8443E522CBB}.Release|Any CPU.ActiveCfg = Release|Any CPU
		{CDA404D1-8A58-4B52-A497-B8443E522CBB}.Release|Any CPU.Build.0 = Release|Any CPU
		{CDA404D1-8A58-4B52-A497-B8443E522CBB}.Release|x64.ActiveCfg = Release|Any CPU
		{CDA404D1-8A58-4B52-A497-B8443E522CBB}.Release|x64.Build.0 = Release|Any CPU
		{CDA404D1-8A58-4B52-A497-B8443E522CBB}.Release|x86.ActiveCfg = Release|Any CPU
		{CDA404D1-8A58-4B52-A497-B8443E522CBB}.Release|x86.Build.0 = Release|Any CPU
		{4ABED053-8031-4D28-B3D1-3561AB8D86AE}.Debug|Any CPU.ActiveCfg = Debug|Any CPU
		{4ABED053-8031-4D28-B3D1-3561AB8D86AE}.Debug|Any CPU.Build.0 = Debug|Any CPU
		{4ABED053-8031-4D28-B3D1-3561AB8D86AE}.Debug|x64.ActiveCfg = Debug|Any CPU
		{4ABED053-8031-4D28-B3D1-3561AB8D86AE}.Debug|x64.Build.0 = Debug|Any CPU
		{4ABED053-8031-4D28-B3D1-3561AB8D86AE}.Debug|x86.ActiveCfg = Debug|Any CPU
		{4ABED053-8031-4D28-B3D1-3561AB8D86AE}.Debug|x86.Build.0 = Debug|Any CPU
		{4ABED053-8031-4D28-B3D1-3561AB8D86AE}.Release|Any CPU.ActiveCfg = Release|Any CPU
		{4ABED053-8031-4D28-B3D1-3561AB8D86AE}.Release|Any CPU.Build.0 = Release|Any CPU
		{4ABED053-8031-4D28-B3D1-3561AB8D86AE}.Release|x64.ActiveCfg = Release|Any CPU
		{4ABED053-8031-4D28-B3D1-3561AB8D86AE}.Release|x64.Build.0 = Release|Any CPU
		{4ABED053-8031-4D28-B3D1-3561AB8D86AE}.Release|x86.ActiveCfg = Release|Any CPU
		{4ABED053-8031-4D28-B3D1-3561AB8D86AE}.Release|x86.Build.0 = Release|Any CPU
	EndGlobalSection
	GlobalSection(SolutionProperties) = preSolution
		HideSolutionNode = FALSE
	EndGlobalSection
	GlobalSection(NestedProjects) = preSolution
		{E6B48023-E680-40DA-9E17-319585C26937} = {827E0CD3-B72D-47B6-A68D-7590B98EB39B}
		{A7FBE1C7-012A-4533-B7B2-9649C9C7F4D8} = {E6B48023-E680-40DA-9E17-319585C26937}
		{2991258E-6FDC-4194-A39D-6A2432EA19F6} = {E6B48023-E680-40DA-9E17-319585C26937}
		{841D4CBF-7F63-4680-83FB-DEE75C238585} = {E6B48023-E680-40DA-9E17-319585C26937}
		{C8E42992-5E42-0C2B-DBFE-AA848D06431C} = {827E0CD3-B72D-47B6-A68D-7590B98EB39B}
		{B3549D34-FA6C-496E-83D0-AA88010F3815} = {C8E42992-5E42-0C2B-DBFE-AA848D06431C}
		{096B6098-F141-7114-B090-72D1899D8853} = {827E0CD3-B72D-47B6-A68D-7590B98EB39B}
		{D1E3FFCF-0A32-4F20-ADD4-0D3C88163EC3} = {096B6098-F141-7114-B090-72D1899D8853}
		{CDA404D1-8A58-4B52-A497-B8443E522CBB} = {0AB3BF05-4346-4AA6-1389-037BE0695223}
		{4ABED053-8031-4D28-B3D1-3561AB8D86AE} = {0AB3BF05-4346-4AA6-1389-037BE0695223}
	EndGlobalSection
EndGlobal
